
Microsoft Visual Studio Solution File, Format Version 12.00
# Visual Studio Version 16
VisualStudioVersion = 16.0.30907.101
MinimumVisualStudioVersion = 10.0.40219.1
Project("{FAE04EC0-301F-11D3-BF4B-00C04F79EFBC}") = "GLFManager.Api", "GLFManager.Api\GLFManager.Api.csproj", "{D233C827-E766-478D-9F67-36619541BF20}"
EndProject
Global
	GlobalSection(SolutionConfigurationPlatforms) = preSolution
		Debug|Any CPU = Debug|Any CPU
		Release|Any CPU = Release|Any CPU
	EndGlobalSection
	GlobalSection(ProjectConfigurationPlatforms) = postSolution
		{D233C827-E766-478D-9F67-36619541BF20}.Debug|Any CPU.ActiveCfg = Debug|Any CPU
		{D233C827-E766-478D-9F67-36619541BF20}.Debug|Any CPU.Build.0 = Debug|Any CPU
		{D233C827-E766-478D-9F67-36619541BF20}.Release|Any CPU.ActiveCfg = Release|Any CPU
		{D233C827-E766-478D-9F67-36619541BF20}.Release|Any CPU.Build.0 = Release|Any CPU
	EndGlobalSection
	GlobalSection(SolutionProperties) = preSolution
		HideSolutionNode = FALSE
	EndGlobalSection
	GlobalSection(ExtensibilityGlobals) = postSolution
		SolutionGuid = {4692A62C-08AA-4AA5-8611-F4B1E002A1B1}
	EndGlobalSection
EndGlobal
