
Microsoft Visual Studio Solution File, Format Version 12.00
# Visual Studio Version 16
VisualStudioVersion = 16.0.30907.101
MinimumVisualStudioVersion = 10.0.40219.1
Project("{9A19103F-16F7-4668-BE54-9A1E7A4F7556}") = "GLFManager.Api", "GLFManager.Api\GLFManager.Api.csproj", "{D233C827-E766-478D-9F67-36619541BF20}"
EndProject
Project("{9A19103F-16F7-4668-BE54-9A1E7A4F7556}") = "GLFManager.Models", "GLFManager.Models\GLFManager.Models.csproj", "{586C0524-CD1F-4310-9152-EB16979C3FA4}"
EndProject
Project("{9A19103F-16F7-4668-BE54-9A1E7A4F7556}") = "GLFManager.App", "GLFManager.App\GLFManager.App.csproj", "{03A332C7-FFDF-405F-ACFE-D09CEDD90CA6}"
EndProject
Project("{9A19103F-16F7-4668-BE54-9A1E7A4F7556}") = "GLFManager.Auth", "GLFManager.Auth\GLFManager.Auth.csproj", "{AE597F8D-F4FB-4F15-BCB1-EDD474838757}"
EndProject
Project("{2150E333-8FDC-42A3-9474-1A3956D46DE8}") = "Solution Items", "Solution Items", "{5C3D0E3E-4A67-4949-8AC8-7C93901D313B}"
	ProjectSection(SolutionItems) = preProject
		.editorconfig = .editorconfig
	EndProjectSection
EndProject
Project("{E53339B2-1760-4266-BCC7-CA923CBCF16C}") = "docker-compose", "docker-compose.dcproj", "{0F3B9066-8FD7-407A-A4D9-498D2005EE62}"
EndProject
Project("{9A19103F-16F7-4668-BE54-9A1E7A4F7556}") = "GLFManager.Tests", "GLFManager.Tests\GLFManager.Tests.csproj", "{BB485DE2-C1EC-4657-A13E-032D023403EB}"
EndProject
Global
	GlobalSection(SolutionConfigurationPlatforms) = preSolution
		Debug|Any CPU = Debug|Any CPU
		Release|Any CPU = Release|Any CPU
	EndGlobalSection
	GlobalSection(ProjectConfigurationPlatforms) = postSolution
		{D233C827-E766-478D-9F67-36619541BF20}.Debug|Any CPU.ActiveCfg = Debug|Any CPU
		{D233C827-E766-478D-9F67-36619541BF20}.Debug|Any CPU.Build.0 = Debug|Any CPU
		{D233C827-E766-478D-9F67-36619541BF20}.Release|Any CPU.ActiveCfg = Release|Any CPU
		{D233C827-E766-478D-9F67-36619541BF20}.Release|Any CPU.Build.0 = Release|Any CPU
		{586C0524-CD1F-4310-9152-EB16979C3FA4}.Debug|Any CPU.ActiveCfg = Debug|Any CPU
		{586C0524-CD1F-4310-9152-EB16979C3FA4}.Debug|Any CPU.Build.0 = Debug|Any CPU
		{586C0524-CD1F-4310-9152-EB16979C3FA4}.Release|Any CPU.ActiveCfg = Release|Any CPU
		{586C0524-CD1F-4310-9152-EB16979C3FA4}.Release|Any CPU.Build.0 = Release|Any CPU
		{03A332C7-FFDF-405F-ACFE-D09CEDD90CA6}.Debug|Any CPU.ActiveCfg = Debug|Any CPU
		{03A332C7-FFDF-405F-ACFE-D09CEDD90CA6}.Debug|Any CPU.Build.0 = Debug|Any CPU
		{03A332C7-FFDF-405F-ACFE-D09CEDD90CA6}.Release|Any CPU.ActiveCfg = Release|Any CPU
		{03A332C7-FFDF-405F-ACFE-D09CEDD90CA6}.Release|Any CPU.Build.0 = Release|Any CPU
		{AE597F8D-F4FB-4F15-BCB1-EDD474838757}.Debug|Any CPU.ActiveCfg = Debug|Any CPU
		{AE597F8D-F4FB-4F15-BCB1-EDD474838757}.Debug|Any CPU.Build.0 = Debug|Any CPU
		{AE597F8D-F4FB-4F15-BCB1-EDD474838757}.Release|Any CPU.ActiveCfg = Release|Any CPU
		{AE597F8D-F4FB-4F15-BCB1-EDD474838757}.Release|Any CPU.Build.0 = Release|Any CPU
		{0F3B9066-8FD7-407A-A4D9-498D2005EE62}.Debug|Any CPU.ActiveCfg = Debug|Any CPU
		{0F3B9066-8FD7-407A-A4D9-498D2005EE62}.Debug|Any CPU.Build.0 = Debug|Any CPU
		{0F3B9066-8FD7-407A-A4D9-498D2005EE62}.Release|Any CPU.ActiveCfg = Release|Any CPU
		{0F3B9066-8FD7-407A-A4D9-498D2005EE62}.Release|Any CPU.Build.0 = Release|Any CPU
		{BB485DE2-C1EC-4657-A13E-032D023403EB}.Debug|Any CPU.ActiveCfg = Debug|Any CPU
		{BB485DE2-C1EC-4657-A13E-032D023403EB}.Debug|Any CPU.Build.0 = Debug|Any CPU
		{BB485DE2-C1EC-4657-A13E-032D023403EB}.Release|Any CPU.ActiveCfg = Release|Any CPU
		{BB485DE2-C1EC-4657-A13E-032D023403EB}.Release|Any CPU.Build.0 = Release|Any CPU
	EndGlobalSection
	GlobalSection(SolutionProperties) = preSolution
		HideSolutionNode = FALSE
	EndGlobalSection
	GlobalSection(ExtensibilityGlobals) = postSolution
		SolutionGuid = {4692A62C-08AA-4AA5-8611-F4B1E002A1B1}
	EndGlobalSection
EndGlobal
